// !$*UTF8*$!
{
	archiveVersion = 1;
	classes = {
	};
	objectVersion = 56;
	objects = {

/* Begin PBXBuildFile section */
		0160D3B129291B0C00066422 /* FeedCell.swift in Sources */ = {isa = PBXBuildFile; fileRef = 0160D3B029291B0C00066422 /* FeedCell.swift */; };
		01E8B27F2928F06D00B5EE2F /* AppDelegate.swift in Sources */ = {isa = PBXBuildFile; fileRef = 01E8B27E2928F06D00B5EE2F /* AppDelegate.swift */; };
		01E8B2812928F06D00B5EE2F /* SceneDelegate.swift in Sources */ = {isa = PBXBuildFile; fileRef = 01E8B2802928F06D00B5EE2F /* SceneDelegate.swift */; };
		01E8B2832928F06D00B5EE2F /* SigninVC.swift in Sources */ = {isa = PBXBuildFile; fileRef = 01E8B2822928F06D00B5EE2F /* SigninVC.swift */; };
		01E8B2862928F06D00B5EE2F /* Main.storyboard in Resources */ = {isa = PBXBuildFile; fileRef = 01E8B2842928F06D00B5EE2F /* Main.storyboard */; };
		01E8B2882928F06E00B5EE2F /* Assets.xcassets in Resources */ = {isa = PBXBuildFile; fileRef = 01E8B2872928F06E00B5EE2F /* Assets.xcassets */; };
		01E8B28B2928F06E00B5EE2F /* LaunchScreen.storyboard in Resources */ = {isa = PBXBuildFile; fileRef = 01E8B2892928F06E00B5EE2F /* LaunchScreen.storyboard */; };
		01EBAC2D2928F3050012BE03 /* FeedVC.swift in Sources */ = {isa = PBXBuildFile; fileRef = 01EBAC2C2928F3050012BE03 /* FeedVC.swift */; };
		01EBAC2F2928F3110012BE03 /* UploadVC.swift in Sources */ = {isa = PBXBuildFile; fileRef = 01EBAC2E2928F3110012BE03 /* UploadVC.swift */; };
		8567BA32A04738BA8D653C00 /* Pods_InstaCloneParse.framework in Frameworks */ = {isa = PBXBuildFile; fileRef = 5E464FA1F344A574B1D75464 /* Pods_InstaCloneParse.framework */; };
/* End PBXBuildFile section */

/* Begin PBXFileReference section */
		0112D69A6325D1B01E6672A0 /* Pods-InstaCloneParse.release.xcconfig */ = {isa = PBXFileReference; includeInIndex = 1; lastKnownFileType = text.xcconfig; name = "Pods-InstaCloneParse.release.xcconfig"; path = "Target Support Files/Pods-InstaCloneParse/Pods-InstaCloneParse.release.xcconfig"; sourceTree = "<group>"; };
		0160D3B029291B0C00066422 /* FeedCell.swift */ = {isa = PBXFileReference; lastKnownFileType = sourcecode.swift; path = FeedCell.swift; sourceTree = "<group>"; };
		01E8B27B2928F06D00B5EE2F /* InstaCloneParse.app */ = {isa = PBXFileReference; explicitFileType = wrapper.application; includeInIndex = 0; path = InstaCloneParse.app; sourceTree = BUILT_PRODUCTS_DIR; };
		01E8B27E2928F06D00B5EE2F /* AppDelegate.swift */ = {isa = PBXFileReference; lastKnownFileType = sourcecode.swift; path = AppDelegate.swift; sourceTree = "<group>"; };
		01E8B2802928F06D00B5EE2F /* SceneDelegate.swift */ = {isa = PBXFileReference; lastKnownFileType = sourcecode.swift; path = SceneDelegate.swift; sourceTree = "<group>"; };
		01E8B2822928F06D00B5EE2F /* SigninVC.swift */ = {isa = PBXFileReference; lastKnownFileType = sourcecode.swift; path = SigninVC.swift; sourceTree = "<group>"; };
		01E8B2852928F06D00B5EE2F /* Base */ = {isa = PBXFileReference; lastKnownFileType = file.storyboard; name = Base; path = Base.lproj/Main.storyboard; sourceTree = "<group>"; };
		01E8B2872928F06E00B5EE2F /* Assets.xcassets */ = {isa = PBXFileReference; lastKnownFileType = folder.assetcatalog; path = Assets.xcassets; sourceTree = "<group>"; };
		01E8B28A2928F06E00B5EE2F /* Base */ = {isa = PBXFileReference; lastKnownFileType = file.storyboard; name = Base; path = Base.lproj/LaunchScreen.storyboard; sourceTree = "<group>"; };
		01E8B28C2928F06E00B5EE2F /* Info.plist */ = {isa = PBXFileReference; lastKnownFileType = text.plist.xml; path = Info.plist; sourceTree = "<group>"; };
		01EBAC2C2928F3050012BE03 /* FeedVC.swift */ = {isa = PBXFileReference; lastKnownFileType = sourcecode.swift; path = FeedVC.swift; sourceTree = "<group>"; };
		01EBAC2E2928F3110012BE03 /* UploadVC.swift */ = {isa = PBXFileReference; lastKnownFileType = sourcecode.swift; path = UploadVC.swift; sourceTree = "<group>"; };
		5E464FA1F344A574B1D75464 /* Pods_InstaCloneParse.framework */ = {isa = PBXFileReference; explicitFileType = wrapper.framework; includeInIndex = 0; path = Pods_InstaCloneParse.framework; sourceTree = BUILT_PRODUCTS_DIR; };
		75D6E7FF39340EB4EB9A95BE /* Pods-InstaCloneParse.debug.xcconfig */ = {isa = PBXFileReference; includeInIndex = 1; lastKnownFileType = text.xcconfig; name = "Pods-InstaCloneParse.debug.xcconfig"; path = "Target Support Files/Pods-InstaCloneParse/Pods-InstaCloneParse.debug.xcconfig"; sourceTree = "<group>"; };
/* End PBXFileReference section */

/* Begin PBXFrameworksBuildPhase section */
		01E8B2782928F06D00B5EE2F /* Frameworks */ = {
			isa = PBXFrameworksBuildPhase;
			buildActionMask = 2147483647;
			files = (
				8567BA32A04738BA8D653C00 /* Pods_InstaCloneParse.framework in Frameworks */,
			);
			runOnlyForDeploymentPostprocessing = 0;
		};
/* End PBXFrameworksBuildPhase section */

/* Begin PBXGroup section */
		01E8B2722928F06D00B5EE2F = {
			isa = PBXGroup;
			children = (
				01E8B27D2928F06D00B5EE2F /* InstaCloneParse */,
				01E8B27C2928F06D00B5EE2F /* Products */,
				A9BE7966676C63DF58F4ACEF /* Pods */,
				F665A5D4E8889E170876A37E /* Frameworks */,
			);
			sourceTree = "<group>";
		};
		01E8B27C2928F06D00B5EE2F /* Products */ = {
			isa = PBXGroup;
			children = (
				01E8B27B2928F06D00B5EE2F /* InstaCloneParse.app */,
			);
			name = Products;
			sourceTree = "<group>";
		};
		01E8B27D2928F06D00B5EE2F /* InstaCloneParse */ = {
			isa = PBXGroup;
			children = (
				01E8B27E2928F06D00B5EE2F /* AppDelegate.swift */,
				01E8B2802928F06D00B5EE2F /* SceneDelegate.swift */,
				01E8B2822928F06D00B5EE2F /* SigninVC.swift */,
				01EBAC2C2928F3050012BE03 /* FeedVC.swift */,
				0160D3B029291B0C00066422 /* FeedCell.swift */,
				01EBAC2E2928F3110012BE03 /* UploadVC.swift */,
				01E8B2842928F06D00B5EE2F /* Main.storyboard */,
				01E8B2872928F06E00B5EE2F /* Assets.xcassets */,
				01E8B2892928F06E00B5EE2F /* LaunchScreen.storyboard */,
				01E8B28C2928F06E00B5EE2F /* Info.plist */,
			);
			path = InstaCloneParse;
			sourceTree = "<group>";
		};
		A9BE7966676C63DF58F4ACEF /* Pods */ = {
			isa = PBXGroup;
			children = (
				75D6E7FF39340EB4EB9A95BE /* Pods-InstaCloneParse.debug.xcconfig */,
				0112D69A6325D1B01E6672A0 /* Pods-InstaCloneParse.release.xcconfig */,
			);
			path = Pods;
			sourceTree = "<group>";
		};
		F665A5D4E8889E170876A37E /* Frameworks */ = {
			isa = PBXGroup;
			children = (
				5E464FA1F344A574B1D75464 /* Pods_InstaCloneParse.framework */,
			);
			name = Frameworks;
			sourceTree = "<group>";
		};
/* End PBXGroup section */

/* Begin PBXNativeTarget section */
		01E8B27A2928F06D00B5EE2F /* InstaCloneParse */ = {
			isa = PBXNativeTarget;
			buildConfigurationList = 01E8B28F2928F06E00B5EE2F /* Build configuration list for PBXNativeTarget "InstaCloneParse" */;
			buildPhases = (
				37AD63CFDD9677627E5D3C4E /* [CP] Check Pods Manifest.lock */,
				01E8B2772928F06D00B5EE2F /* Sources */,
				01E8B2782928F06D00B5EE2F /* Frameworks */,
				01E8B2792928F06D00B5EE2F /* Resources */,
				587B5702C0C7EB369DB54D5B /* [CP] Embed Pods Frameworks */,
			);
			buildRules = (
			);
			dependencies = (
			);
			name = InstaCloneParse;
			productName = InstaCloneParse;
			productReference = 01E8B27B2928F06D00B5EE2F /* InstaCloneParse.app */;
			productType = "com.apple.product-type.application";
		};
/* End PBXNativeTarget section */

/* Begin PBXProject section */
		01E8B2732928F06D00B5EE2F /* Project object */ = {
			isa = PBXProject;
			attributes = {
				BuildIndependentTargetsInParallel = 1;
				LastSwiftUpdateCheck = 1410;
				LastUpgradeCheck = 1410;
				TargetAttributes = {
					01E8B27A2928F06D00B5EE2F = {
						CreatedOnToolsVersion = 14.1;
					};
				};
			};
			buildConfigurationList = 01E8B2762928F06D00B5EE2F /* Build configuration list for PBXProject "InstaCloneParse" */;
			compatibilityVersion = "Xcode 14.0";
			developmentRegion = en;
			hasScannedForEncodings = 0;
			knownRegions = (
				en,
				Base,
			);
			mainGroup = 01E8B2722928F06D00B5EE2F;
			productRefGroup = 01E8B27C2928F06D00B5EE2F /* Products */;
			projectDirPath = "";
			projectRoot = "";
			targets = (
				01E8B27A2928F06D00B5EE2F /* InstaCloneParse */,
			);
		};
/* End PBXProject section */

/* Begin PBXResourcesBuildPhase section */
		01E8B2792928F06D00B5EE2F /* Resources */ = {
			isa = PBXResourcesBuildPhase;
			buildActionMask = 2147483647;
			files = (
				01E8B28B2928F06E00B5EE2F /* LaunchScreen.storyboard in Resources */,
				01E8B2882928F06E00B5EE2F /* Assets.xcassets in Resources */,
				01E8B2862928F06D00B5EE2F /* Main.storyboard in Resources */,
			);
			runOnlyForDeploymentPostprocessing = 0;
		};
/* End PBXResourcesBuildPhase section */

/* Begin PBXShellScriptBuildPhase section */
		37AD63CFDD9677627E5D3C4E /* [CP] Check Pods Manifest.lock */ = {
			isa = PBXShellScriptBuildPhase;
			buildActionMask = 2147483647;
			files = (
			);
			inputFileListPaths = (
			);
			inputPaths = (
				"${PODS_PODFILE_DIR_PATH}/Podfile.lock",
				"${PODS_ROOT}/Manifest.lock",
			);
			name = "[CP] Check Pods Manifest.lock";
			outputFileListPaths = (
			);
			outputPaths = (
				"$(DERIVED_FILE_DIR)/Pods-InstaCloneParse-checkManifestLockResult.txt",
			);
			runOnlyForDeploymentPostprocessing = 0;
			shellPath = /bin/sh;
			shellScript = "diff \"${PODS_PODFILE_DIR_PATH}/Podfile.lock\" \"${PODS_ROOT}/Manifest.lock\" > /dev/null\nif [ $? != 0 ] ; then\n    # print error to STDERR\n    echo \"error: The sandbox is not in sync with the Podfile.lock. Run 'pod install' or update your CocoaPods installation.\" >&2\n    exit 1\nfi\n# This output is used by Xcode 'outputs' to avoid re-running this script phase.\necho \"SUCCESS\" > \"${SCRIPT_OUTPUT_FILE_0}\"\n";
			showEnvVarsInLog = 0;
		};
		587B5702C0C7EB369DB54D5B /* [CP] Embed Pods Frameworks */ = {
			isa = PBXShellScriptBuildPhase;
			buildActionMask = 2147483647;
			files = (
			);
			inputFileListPaths = (
				"${PODS_ROOT}/Target Support Files/Pods-InstaCloneParse/Pods-InstaCloneParse-frameworks-${CONFIGURATION}-input-files.xcfilelist",
			);
			name = "[CP] Embed Pods Frameworks";
			outputFileListPaths = (
				"${PODS_ROOT}/Target Support Files/Pods-InstaCloneParse/Pods-InstaCloneParse-frameworks-${CONFIGURATION}-output-files.xcfilelist",
			);
			runOnlyForDeploymentPostprocessing = 0;
			shellPath = /bin/sh;
			shellScript = "\"${PODS_ROOT}/Target Support Files/Pods-InstaCloneParse/Pods-InstaCloneParse-frameworks.sh\"\n";
			showEnvVarsInLog = 0;
		};
/* End PBXShellScriptBuildPhase section */

/* Begin PBXSourcesBuildPhase section */
		01E8B2772928F06D00B5EE2F /* Sources */ = {
			isa = PBXSourcesBuildPhase;
			buildActionMask = 2147483647;
			files = (
				01E8B2832928F06D00B5EE2F /* SigninVC.swift in Sources */,
				01E8B27F2928F06D00B5EE2F /* AppDelegate.swift in Sources */,
				01E8B2812928F06D00B5EE2F /* SceneDelegate.swift in Sources */,
				01EBAC2F2928F3110012BE03 /* UploadVC.swift in Sources */,
				01EBAC2D2928F3050012BE03 /* FeedVC.swift in Sources */,
				0160D3B129291B0C00066422 /* FeedCell.swift in Sources */,
			);
			runOnlyForDeploymentPostprocessing = 0;
		};
/* End PBXSourcesBuildPhase section */

/* Begin PBXVariantGroup section */
		01E8B2842928F06D00B5EE2F /* Main.storyboard */ = {
			isa = PBXVariantGroup;
			children = (
				01E8B2852928F06D00B5EE2F /* Base */,
			);
			name = Main.storyboard;
			sourceTree = "<group>";
		};
		01E8B2892928F06E00B5EE2F /* LaunchScreen.storyboard */ = {
			isa = PBXVariantGroup;
			children = (
				01E8B28A2928F06E00B5EE2F /* Base */,
			);
			name = LaunchScreen.storyboard;
			sourceTree = "<group>";
		};
/* End PBXVariantGroup section */

/* Begin XCBuildConfiguration section */
		01E8B28D2928F06E00B5EE2F /* Debug */ = {
			isa = XCBuildConfiguration;
			buildSettings = {
				ALWAYS_SEARCH_USER_PATHS = NO;
				CLANG_ANALYZER_NONNULL = YES;
				CLANG_ANALYZER_NUMBER_OBJECT_CONVERSION = YES_AGGRESSIVE;
				CLANG_CXX_LANGUAGE_STANDARD = "gnu++20";
				CLANG_ENABLE_MODULES = YES;
				CLANG_ENABLE_OBJC_ARC = YES;
				CLANG_ENABLE_OBJC_WEAK = YES;
				CLANG_WARN_BLOCK_CAPTURE_AUTORELEASING = YES;
				CLANG_WARN_BOOL_CONVERSION = YES;
				CLANG_WARN_COMMA = YES;
				CLANG_WARN_CONSTANT_CONVERSION = YES;
				CLANG_WARN_DEPRECATED_OBJC_IMPLEMENTATIONS = YES;
				CLANG_WARN_DIRECT_OBJC_ISA_USAGE = YES_ERROR;
				CLANG_WARN_DOCUMENTATION_COMMENTS = YES;
				CLANG_WARN_EMPTY_BODY = YES;
				CLANG_WARN_ENUM_CONVERSION = YES;
				CLANG_WARN_INFINITE_RECURSION = YES;
				CLANG_WARN_INT_CONVERSION = YES;
				CLANG_WARN_NON_LITERAL_NULL_CONVERSION = YES;
				CLANG_WARN_OBJC_IMPLICIT_RETAIN_SELF = YES;
				CLANG_WARN_OBJC_LITERAL_CONVERSION = YES;
				CLANG_WARN_OBJC_ROOT_CLASS = YES_ERROR;
				CLANG_WARN_QUOTED_INCLUDE_IN_FRAMEWORK_HEADER = YES;
				CLANG_WARN_RANGE_LOOP_ANALYSIS = YES;
				CLANG_WARN_STRICT_PROTOTYPES = YES;
				CLANG_WARN_SUSPICIOUS_MOVE = YES;
				CLANG_WARN_UNGUARDED_AVAILABILITY = YES_AGGRESSIVE;
				CLANG_WARN_UNREACHABLE_CODE = YES;
				CLANG_WARN__DUPLICATE_METHOD_MATCH = YES;
				COPY_PHASE_STRIP = NO;
				DEBUG_INFORMATION_FORMAT = dwarf;
				ENABLE_STRICT_OBJC_MSGSEND = YES;
				ENABLE_TESTABILITY = YES;
				GCC_C_LANGUAGE_STANDARD = gnu11;
				GCC_DYNAMIC_NO_PIC = NO;
				GCC_NO_COMMON_BLOCKS = YES;
				GCC_OPTIMIZATION_LEVEL = 0;
				GCC_PREPROCESSOR_DEFINITIONS = (
					"DEBUG=1",
					"$(inherited)",
				);
				GCC_WARN_64_TO_32_BIT_CONVERSION = YES;
				GCC_WARN_ABOUT_RETURN_TYPE = YES_ERROR;
				GCC_WARN_UNDECLARED_SELECTOR = YES;
				GCC_WARN_UNINITIALIZED_AUTOS = YES_AGGRESSIVE;
				GCC_WARN_UNUSED_FUNCTION = YES;
				GCC_WARN_UNUSED_VARIABLE = YES;
				IPHONEOS_DEPLOYMENT_TARGET = 16.1;
				MTL_ENABLE_DEBUG_INFO = INCLUDE_SOURCE;
				MTL_FAST_MATH = YES;
				ONLY_ACTIVE_ARCH = YES;
				SDKROOT = iphoneos;
				SWIFT_ACTIVE_COMPILATION_CONDITIONS = DEBUG;
				SWIFT_OPTIMIZATION_LEVEL = "-Onone";
			};
			name = Debug;
		};
		01E8B28E2928F06E00B5EE2F /* Release */ = {
			isa = XCBuildConfiguration;
			buildSettings = {
				ALWAYS_SEARCH_USER_PATHS = NO;
				CLANG_ANALYZER_NONNULL = YES;
				CLANG_ANALYZER_NUMBER_OBJECT_CONVERSION = YES_AGGRESSIVE;
				CLANG_CXX_LANGUAGE_STANDARD = "gnu++20";
				CLANG_ENABLE_MODULES = YES;
				CLANG_ENABLE_OBJC_ARC = YES;
				CLANG_ENABLE_OBJC_WEAK = YES;
				CLANG_WARN_BLOCK_CAPTURE_AUTORELEASING = YES;
				CLANG_WARN_BOOL_CONVERSION = YES;
				CLANG_WARN_COMMA = YES;
				CLANG_WARN_CONSTANT_CONVERSION = YES;
				CLANG_WARN_DEPRECATED_OBJC_IMPLEMENTATIONS = YES;
				CLANG_WARN_DIRECT_OBJC_ISA_USAGE = YES_ERROR;
				CLANG_WARN_DOCUMENTATION_COMMENTS = YES;
				CLANG_WARN_EMPTY_BODY = YES;
				CLANG_WARN_ENUM_CONVERSION = YES;
				CLANG_WARN_INFINITE_RECURSION = YES;
				CLANG_WARN_INT_CONVERSION = YES;
				CLANG_WARN_NON_LITERAL_NULL_CONVERSION = YES;
				CLANG_WARN_OBJC_IMPLICIT_RETAIN_SELF = YES;
				CLANG_WARN_OBJC_LITERAL_CONVERSION = YES;
				CLANG_WARN_OBJC_ROOT_CLASS = YES_ERROR;
				CLANG_WARN_QUOTED_INCLUDE_IN_FRAMEWORK_HEADER = YES;
				CLANG_WARN_RANGE_LOOP_ANALYSIS = YES;
				CLANG_WARN_STRICT_PROTOTYPES = YES;
				CLANG_WARN_SUSPICIOUS_MOVE = YES;
				CLANG_WARN_UNGUARDED_AVAILABILITY = YES_AGGRESSIVE;
				CLANG_WARN_UNREACHABLE_CODE = YES;
				CLANG_WARN__DUPLICATE_METHOD_MATCH = YES;
				COPY_PHASE_STRIP = NO;
				DEBUG_INFORMATION_FORMAT = "dwarf-with-dsym";
				ENABLE_NS_ASSERTIONS = NO;
				ENABLE_STRICT_OBJC_MSGSEND = YES;
				GCC_C_LANGUAGE_STANDARD = gnu11;
				GCC_NO_COMMON_BLOCKS = YES;
				GCC_WARN_64_TO_32_BIT_CONVERSION = YES;
				GCC_WARN_ABOUT_RETURN_TYPE = YES_ERROR;
				GCC_WARN_UNDECLARED_SELECTOR = YES;
				GCC_WARN_UNINITIALIZED_AUTOS = YES_AGGRESSIVE;
				GCC_WARN_UNUSED_FUNCTION = YES;
				GCC_WARN_UNUSED_VARIABLE = YES;
				IPHONEOS_DEPLOYMENT_TARGET = 16.1;
				MTL_ENABLE_DEBUG_INFO = NO;
				MTL_FAST_MATH = YES;
				SDKROOT = iphoneos;
				SWIFT_COMPILATION_MODE = wholemodule;
				SWIFT_OPTIMIZATION_LEVEL = "-O";
				VALIDATE_PRODUCT = YES;
			};
			name = Release;
		};
		01E8B2902928F06E00B5EE2F /* Debug */ = {
			isa = XCBuildConfiguration;
			baseConfigurationReference = 75D6E7FF39340EB4EB9A95BE /* Pods-InstaCloneParse.debug.xcconfig */;
			buildSettings = {
				ASSETCATALOG_COMPILER_APPICON_NAME = AppIcon;
				ASSETCATALOG_COMPILER_GLOBAL_ACCENT_COLOR_NAME = AccentColor;
				CODE_SIGN_STYLE = Automatic;
				CURRENT_PROJECT_VERSION = 1;
				DEVELOPMENT_TEAM = VG7V6PNA57;
				GENERATE_INFOPLIST_FILE = YES;
				INFOPLIST_FILE = InstaCloneParse/Info.plist;
				INFOPLIST_KEY_UIApplicationSupportsIndirectInputEvents = YES;
				INFOPLIST_KEY_UILaunchStoryboardName = LaunchScreen;
				INFOPLIST_KEY_UIMainStoryboardFile = Main;
				INFOPLIST_KEY_UISupportedInterfaceOrientations_iPad = "UIInterfaceOrientationPortrait UIInterfaceOrientationPortraitUpsideDown UIInterfaceOrientationLandscapeLeft UIInterfaceOrientationLandscapeRight";
				INFOPLIST_KEY_UISupportedInterfaceOrientations_iPhone = "UIInterfaceOrientationPortrait UIInterfaceOrientationLandscapeLeft UIInterfaceOrientationLandscapeRight";
				IPHONEOS_DEPLOYMENT_TARGET = 16.0;
				LD_RUNPATH_SEARCH_PATHS = (
					"$(inherited)",
					"@executable_path/Frameworks",
				);
				MARKETING_VERSION = 1.0;
				PRODUCT_BUNDLE_IDENTIFIER = com.bertughoroz.InstaCloneParse;
				PRODUCT_NAME = "$(TARGET_NAME)";
				SWIFT_EMIT_LOC_STRINGS = YES;
				SWIFT_VERSION = 5.0;
				TARGETED_DEVICE_FAMILY = "1,2";
			};
			name = Debug;
		};
		01E8B2912928F06E00B5EE2F /* Release */ = {
			isa = XCBuildConfiguration;
			baseConfigurationReference = 0112D69A6325D1B01E6672A0 /* Pods-InstaCloneParse.release.xcconfig */;
			buildSettings = {
				ASSETCATALOG_COMPILER_APPICON_NAME = AppIcon;
				ASSETCATALOG_COMPILER_GLOBAL_ACCENT_COLOR_NAME = AccentColor;
				CODE_SIGN_STYLE = Automatic;
				CURRENT_PROJECT_VERSION = 1;
				DEVELOPMENT_TEAM = VG7V6PNA57;
				GENERATE_INFOPLIST_FILE = YES;
				INFOPLIST_FILE = InstaCloneParse/Info.plist;
				INFOPLIST_KEY_UIApplicationSupportsIndirectInputEvents = YES;
				INFOPLIST_KEY_UILaunchStoryboardName = LaunchScreen;
				INFOPLIST_KEY_UIMainStoryboardFile = Main;
				INFOPLIST_KEY_UISupportedInterfaceOrientations_iPad = "UIInterfaceOrientationPortrait UIInterfaceOrientationPortraitUpsideDown UIInterfaceOrientationLandscapeLeft UIInterfaceOrientationLandscapeRight";
				INFOPLIST_KEY_UISupportedInterfaceOrientations_iPhone = "UIInterfaceOrientationPortrait UIInterfaceOrientationLandscapeLeft UIInterfaceOrientationLandscapeRight";
				IPHONEOS_DEPLOYMENT_TARGET = 16.0;
				LD_RUNPATH_SEARCH_PATHS = (
					"$(inherited)",
					"@executable_path/Frameworks",
				);
				MARKETING_VERSION = 1.0;
				PRODUCT_BUNDLE_IDENTIFIER = com.bertughoroz.InstaCloneParse;
				PRODUCT_NAME = "$(TARGET_NAME)";
				SWIFT_EMIT_LOC_STRINGS = YES;
				SWIFT_VERSION = 5.0;
				TARGETED_DEVICE_FAMILY = "1,2";
			};
			name = Release;
		};
/* End XCBuildConfiguration section */

/* Begin XCConfigurationList section */
		01E8B2762928F06D00B5EE2F /* Build configuration list for PBXProject "InstaCloneParse" */ = {
			isa = XCConfigurationList;
			buildConfigurations = (
				01E8B28D2928F06E00B5EE2F /* Debug */,
				01E8B28E2928F06E00B5EE2F /* Release */,
			);
			defaultConfigurationIsVisible = 0;
			defaultConfigurationName = Release;
		};
		01E8B28F2928F06E00B5EE2F /* Build configuration list for PBXNativeTarget "InstaCloneParse" */ = {
			isa = XCConfigurationList;
			buildConfigurations = (
				01E8B2902928F06E00B5EE2F /* Debug */,
				01E8B2912928F06E00B5EE2F /* Release */,
			);
			defaultConfigurationIsVisible = 0;
			defaultConfigurationName = Release;
		};
/* End XCConfigurationList section */
	};
	rootObject = 01E8B2732928F06D00B5EE2F /* Project object */;
}
